
Microsoft Visual Studio Solution File, Format Version 12.00
# Visual Studio Version 17
VisualStudioVersion = 17.0.31903.59
MinimumVisualStudioVersion = 10.0.40219.1
Project("{2150E333-8FDC-42A3-9474-1A3956D46DE8}") = "src", "src", "{827E0CD3-B72D-47B6-A68D-7590B98EB39B}"
EndProject
Project("{FAE04EC0-301F-11D3-BF4B-00C04F79EFBC}") = "CrewOps.Domain", "src\CrewOps.Domain\CrewOps.Domain.csproj", "{730608C5-ED39-4DE6-B898-986D202DA208}"
EndProject
Project("{FAE04EC0-301F-11D3-BF4B-00C04F79EFBC}") = "CrewOps.Contracts", "src\CrewOps.Contracts\CrewOps.Contracts.csproj", "{8AD6BE80-D1E5-49D5-BB06-3CCB96C7717C}"
EndProject
Project("{2150E333-8FDC-42A3-9474-1A3956D46DE8}") = "tests", "tests", "{0AB3BF05-4346-4AA6-1389-037BE0695223}"
EndProject
Project("{FAE04EC0-301F-11D3-BF4B-00C04F79EFBC}") = "CrewOps.Domain.Tests", "tests\CrewOps.Domain.Tests\CrewOps.Domain.Tests.csproj", "{3D080340-B8A0-4D7E-ADC6-7B2B493CCBF1}"
EndProject
Project("{FAE04EC0-301F-11D3-BF4B-00C04F79EFBC}") = "CrewOps.Capabilities", "src\CrewOps.Capabilities\CrewOps.Capabilities.csproj", "{FCFB24C6-B53F-40A2-A5F7-7D0F78EB8E15}"
EndProject
Project("{FAE04EC0-301F-11D3-BF4B-00C04F79EFBC}") = "CrewOps.Capabilities.Tests", "tests\CrewOps.Capabilities.Tests\CrewOps.Capabilities.Tests.csproj", "{F2640948-A1A4-47D1-9531-83E743827709}"
EndProject
Project("{FAE04EC0-301F-11D3-BF4B-00C04F79EFBC}") = "CrewOps.Infrastructure", "src\CrewOps.Infrastructure\CrewOps.Infrastructure.csproj", "{7C2659DA-CC4C-4CA5-B5DE-838874370DE6}"
EndProject
Project("{FAE04EC0-301F-11D3-BF4B-00C04F79EFBC}") = "CrewOps.Api", "src\CrewOps.Api\CrewOps.Api.csproj", "{994F1990-79FA-492E-8CF1-B5D025200C5F}"
EndProject
Project("{FAE04EC0-301F-11D3-BF4B-00C04F79EFBC}") = "CrewOps.Application", "src\CrewOps.Application\CrewOps.Application.csproj", "{B53E3058-06E4-4642-8725-9F9BE9D3D0E7}"
EndProject
Global
	GlobalSection(SolutionConfigurationPlatforms) = preSolution
		Debug|Any CPU = Debug|Any CPU
		Debug|x64 = Debug|x64
		Debug|x86 = Debug|x86
		Release|Any CPU = Release|Any CPU
		Release|x64 = Release|x64
		Release|x86 = Release|x86
	EndGlobalSection
	GlobalSection(ProjectConfigurationPlatforms) = postSolution
		{730608C5-ED39-4DE6-B898-986D202DA208}.Debug|Any CPU.ActiveCfg = Debug|Any CPU
		{730608C5-ED39-4DE6-B898-986D202DA208}.Debug|Any CPU.Build.0 = Debug|Any CPU
		{730608C5-ED39-4DE6-B898-986D202DA208}.Debug|x64.ActiveCfg = Debug|Any CPU
		{730608C5-ED39-4DE6-B898-986D202DA208}.Debug|x64.Build.0 = Debug|Any CPU
		{730608C5-ED39-4DE6-B898-986D202DA208}.Debug|x86.ActiveCfg = Debug|Any CPU
		{730608C5-ED39-4DE6-B898-986D202DA208}.Debug|x86.Build.0 = Debug|Any CPU
		{730608C5-ED39-4DE6-B898-986D202DA208}.Release|Any CPU.ActiveCfg = Release|Any CPU
		{730608C5-ED39-4DE6-B898-986D202DA208}.Release|Any CPU.Build.0 = Release|Any CPU
		{730608C5-ED39-4DE6-B898-986D202DA208}.Release|x64.ActiveCfg = Release|Any CPU
		{730608C5-ED39-4DE6-B898-986D202DA208}.Release|x64.Build.0 = Release|Any CPU
		{730608C5-ED39-4DE6-B898-986D202DA208}.Release|x86.ActiveCfg = Release|Any CPU
		{730608C5-ED39-4DE6-B898-986D202DA208}.Release|x86.Build.0 = Release|Any CPU
		{8AD6BE80-D1E5-49D5-BB06-3CCB96C7717C}.Debug|Any CPU.ActiveCfg = Debug|Any CPU
		{8AD6BE80-D1E5-49D5-BB06-3CCB96C7717C}.Debug|Any CPU.Build.0 = Debug|Any CPU
		{8AD6BE80-D1E5-49D5-BB06-3CCB96C7717C}.Debug|x64.ActiveCfg = Debug|Any CPU
		{8AD6BE80-D1E5-49D5-BB06-3CCB96C7717C}.Debug|x64.Build.0 = Debug|Any CPU
		{8AD6BE80-D1E5-49D5-BB06-3CCB96C7717C}.Debug|x86.ActiveCfg = Debug|Any CPU
		{8AD6BE80-D1E5-49D5-BB06-3CCB96C7717C}.Debug|x86.Build.0 = Debug|Any CPU
		{8AD6BE80-D1E5-49D5-BB06-3CCB96C7717C}.Release|Any CPU.ActiveCfg = Release|Any CPU
		{8AD6BE80-D1E5-49D5-BB06-3CCB96C7717C}.Release|Any CPU.Build.0 = Release|Any CPU
		{8AD6BE80-D1E5-49D5-BB06-3CCB96C7717C}.Release|x64.ActiveCfg = Release|Any CPU
		{8AD6BE80-D1E5-49D5-BB06-3CCB96C7717C}.Release|x64.Build.0 = Release|Any CPU
		{8AD6BE80-D1E5-49D5-BB06-3CCB96C7717C}.Release|x86.ActiveCfg = Release|Any CPU
		{8AD6BE80-D1E5-49D5-BB06-3CCB96C7717C}.Release|x86.Build.0 = Release|Any CPU
		{3D080340-B8A0-4D7E-ADC6-7B2B493CCBF1}.Debug|Any CPU.ActiveCfg = Debug|Any CPU
		{3D080340-B8A0-4D7E-ADC6-7B2B493CCBF1}.Debug|Any CPU.Build.0 = Debug|Any CPU
		{3D080340-B8A0-4D7E-ADC6-7B2B493CCBF1}.Debug|x64.ActiveCfg = Debug|Any CPU
		{3D080340-B8A0-4D7E-ADC6-7B2B493CCBF1}.Debug|x64.Build.0 = Debug|Any CPU
		{3D080340-B8A0-4D7E-ADC6-7B2B493CCBF1}.Debug|x86.ActiveCfg = Debug|Any CPU
		{3D080340-B8A0-4D7E-ADC6-7B2B493CCBF1}.Debug|x86.Build.0 = Debug|Any CPU
		{3D080340-B8A0-4D7E-ADC6-7B2B493CCBF1}.Release|Any CPU.ActiveCfg = Release|Any CPU
		{3D080340-B8A0-4D7E-ADC6-7B2B493CCBF1}.Release|Any CPU.Build.0 = Release|Any CPU
		{3D080340-B8A0-4D7E-ADC6-7B2B493CCBF1}.Release|x64.ActiveCfg = Release|Any CPU
		{3D080340-B8A0-4D7E-ADC6-7B2B493CCBF1}.Release|x64.Build.0 = Release|Any CPU
		{3D080340-B8A0-4D7E-ADC6-7B2B493CCBF1}.Release|x86.ActiveCfg = Release|Any CPU
		{3D080340-B8A0-4D7E-ADC6-7B2B493CCBF1}.Release|x86.Build.0 = Release|Any CPU
		{FCFB24C6-B53F-40A2-A5F7-7D0F78EB8E15}.Debug|Any CPU.ActiveCfg = Debug|Any CPU
		{FCFB24C6-B53F-40A2-A5F7-7D0F78EB8E15}.Debug|Any CPU.Build.0 = Debug|Any CPU
		{FCFB24C6-B53F-40A2-A5F7-7D0F78EB8E15}.Debug|x64.ActiveCfg = Debug|Any CPU
		{FCFB24C6-B53F-40A2-A5F7-7D0F78EB8E15}.Debug|x64.Build.0 = Debug|Any CPU
		{FCFB24C6-B53F-40A2-A5F7-7D0F78EB8E15}.Debug|x86.ActiveCfg = Debug|Any CPU
		{FCFB24C6-B53F-40A2-A5F7-7D0F78EB8E15}.Debug|x86.Build.0 = Debug|Any CPU
		{FCFB24C6-B53F-40A2-A5F7-7D0F78EB8E15}.Release|Any CPU.ActiveCfg = Release|Any CPU
		{FCFB24C6-B53F-40A2-A5F7-7D0F78EB8E15}.Release|Any CPU.Build.0 = Release|Any CPU
		{FCFB24C6-B53F-40A2-A5F7-7D0F78EB8E15}.Release|x64.ActiveCfg = Release|Any CPU
		{FCFB24C6-B53F-40A2-A5F7-7D0F78EB8E15}.Release|x64.Build.0 = Release|Any CPU
		{FCFB24C6-B53F-40A2-A5F7-7D0F78EB8E15}.Release|x86.ActiveCfg = Release|Any CPU
		{FCFB24C6-B53F-40A2-A5F7-7D0F78EB8E15}.Release|x86.Build.0 = Release|Any CPU
		{F2640948-A1A4-47D1-9531-83E743827709}.Debug|Any CPU.ActiveCfg = Debug|Any CPU
		{F2640948-A1A4-47D1-9531-83E743827709}.Debug|Any CPU.Build.0 = Debug|Any CPU
		{F2640948-A1A4-47D1-9531-83E743827709}.Debug|x64.ActiveCfg = Debug|Any CPU
		{F2640948-A1A4-47D1-9531-83E743827709}.Debug|x64.Build.0 = Debug|Any CPU
		{F2640948-A1A4-47D1-9531-83E743827709}.Debug|x86.ActiveCfg = Debug|Any CPU
		{F2640948-A1A4-47D1-9531-83E743827709}.Debug|x86.Build.0 = Debug|Any CPU
		{F2640948-A1A4-47D1-9531-83E743827709}.Release|Any CPU.ActiveCfg = Release|Any CPU
		{F2640948-A1A4-47D1-9531-83E743827709}.Release|Any CPU.Build.0 = Release|Any CPU
		{F2640948-A1A4-47D1-9531-83E743827709}.Release|x64.ActiveCfg = Release|Any CPU
		{F2640948-A1A4-47D1-9531-83E743827709}.Release|x64.Build.0 = Release|Any CPU
		{F2640948-A1A4-47D1-9531-83E743827709}.Release|x86.ActiveCfg = Release|Any CPU
		{F2640948-A1A4-47D1-9531-83E743827709}.Release|x86.Build.0 = Release|Any CPU
		{7C2659DA-CC4C-4CA5-B5DE-838874370DE6}.Debug|Any CPU.ActiveCfg = Debug|Any CPU
		{7C2659DA-CC4C-4CA5-B5DE-838874370DE6}.Debug|Any CPU.Build.0 = Debug|Any CPU
		{7C2659DA-CC4C-4CA5-B5DE-838874370DE6}.Debug|x64.ActiveCfg = Debug|Any CPU
		{7C2659DA-CC4C-4CA5-B5DE-838874370DE6}.Debug|x64.Build.0 = Debug|Any CPU
		{7C2659DA-CC4C-4CA5-B5DE-838874370DE6}.Debug|x86.ActiveCfg = Debug|Any CPU
		{7C2659DA-CC4C-4CA5-B5DE-838874370DE6}.Debug|x86.Build.0 = Debug|Any CPU
		{7C2659DA-CC4C-4CA5-B5DE-838874370DE6}.Release|Any CPU.ActiveCfg = Release|Any CPU
		{7C2659DA-CC4C-4CA5-B5DE-838874370DE6}.Release|Any CPU.Build.0 = Release|Any CPU
		{7C2659DA-CC4C-4CA5-B5DE-838874370DE6}.Release|x64.ActiveCfg = Release|Any CPU
		{7C2659DA-CC4C-4CA5-B5DE-838874370DE6}.Release|x64.Build.0 = Release|Any CPU
		{7C2659DA-CC4C-4CA5-B5DE-838874370DE6}.Release|x86.ActiveCfg = Release|Any CPU
		{7C2659DA-CC4C-4CA5-B5DE-838874370DE6}.Release|x86.Build.0 = Release|Any CPU
		{994F1990-79FA-492E-8CF1-B5D025200C5F}.Debug|Any CPU.ActiveCfg = Debug|Any CPU
		{994F1990-79FA-492E-8CF1-B5D025200C5F}.Debug|Any CPU.Build.0 = Debug|Any CPU
		{994F1990-79FA-492E-8CF1-B5D025200C5F}.Debug|x64.ActiveCfg = Debug|Any CPU
		{994F1990-79FA-492E-8CF1-B5D025200C5F}.Debug|x64.Build.0 = Debug|Any CPU
		{994F1990-79FA-492E-8CF1-B5D025200C5F}.Debug|x86.ActiveCfg = Debug|Any CPU
		{994F1990-79FA-492E-8CF1-B5D025200C5F}.Debug|x86.Build.0 = Debug|Any CPU
		{994F1990-79FA-492E-8CF1-B5D025200C5F}.Release|Any CPU.ActiveCfg = Release|Any CPU
		{994F1990-79FA-492E-8CF1-B5D025200C5F}.Release|Any CPU.Build.0 = Release|Any CPU
		{994F1990-79FA-492E-8CF1-B5D025200C5F}.Release|x64.ActiveCfg = Release|Any CPU
		{994F1990-79FA-492E-8CF1-B5D025200C5F}.Release|x64.Build.0 = Release|Any CPU
		{994F1990-79FA-492E-8CF1-B5D025200C5F}.Release|x86.ActiveCfg = Release|Any CPU
		{994F1990-79FA-492E-8CF1-B5D025200C5F}.Release|x86.Build.0 = Release|Any CPU
		{B53E3058-06E4-4642-8725-9F9BE9D3D0E7}.Debug|Any CPU.ActiveCfg = Debug|Any CPU
		{B53E3058-06E4-4642-8725-9F9BE9D3D0E7}.Debug|Any CPU.Build.0 = Debug|Any CPU
		{B53E3058-06E4-4642-8725-9F9BE9D3D0E7}.Debug|x64.ActiveCfg = Debug|Any CPU
		{B53E3058-06E4-4642-8725-9F9BE9D3D0E7}.Debug|x64.Build.0 = Debug|Any CPU
		{B53E3058-06E4-4642-8725-9F9BE9D3D0E7}.Debug|x86.ActiveCfg = Debug|Any CPU
		{B53E3058-06E4-4642-8725-9F9BE9D3D0E7}.Debug|x86.Build.0 = Debug|Any CPU
		{B53E3058-06E4-4642-8725-9F9BE9D3D0E7}.Release|Any CPU.ActiveCfg = Release|Any CPU
		{B53E3058-06E4-4642-8725-9F9BE9D3D0E7}.Release|Any CPU.Build.0 = Release|Any CPU
		{B53E3058-06E4-4642-8725-9F9BE9D3D0E7}.Release|x64.ActiveCfg = Release|Any CPU
		{B53E3058-06E4-4642-8725-9F9BE9D3D0E7}.Release|x64.Build.0 = Release|Any CPU
		{B53E3058-06E4-4642-8725-9F9BE9D3D0E7}.Release|x86.ActiveCfg = Release|Any CPU
		{B53E3058-06E4-4642-8725-9F9BE9D3D0E7}.Release|x86.Build.0 = Release|Any CPU
	EndGlobalSection
	GlobalSection(SolutionProperties) = preSolution
		HideSolutionNode = FALSE
	EndGlobalSection
	GlobalSection(NestedProjects) = preSolution
		{730608C5-ED39-4DE6-B898-986D202DA208} = {827E0CD3-B72D-47B6-A68D-7590B98EB39B}
		{8AD6BE80-D1E5-49D5-BB06-3CCB96C7717C} = {827E0CD3-B72D-47B6-A68D-7590B98EB39B}
		{3D080340-B8A0-4D7E-ADC6-7B2B493CCBF1} = {0AB3BF05-4346-4AA6-1389-037BE0695223}
		{FCFB24C6-B53F-40A2-A5F7-7D0F78EB8E15} = {827E0CD3-B72D-47B6-A68D-7590B98EB39B}
		{F2640948-A1A4-47D1-9531-83E743827709} = {0AB3BF05-4346-4AA6-1389-037BE0695223}
		{7C2659DA-CC4C-4CA5-B5DE-838874370DE6} = {827E0CD3-B72D-47B6-A68D-7590B98EB39B}
		{994F1990-79FA-492E-8CF1-B5D025200C5F} = {827E0CD3-B72D-47B6-A68D-7590B98EB39B}
		{B53E3058-06E4-4642-8725-9F9BE9D3D0E7} = {827E0CD3-B72D-47B6-A68D-7590B98EB39B}
	EndGlobalSection
EndGlobal
